{
	"name": "assets",
	"lockfileVersion": 2,
	"requires": true,
	"packages": {
		"": {
			"dependencies": {
				"insert-text-at-cursor": "^0.3.0"
			}
		},
		"node_modules/insert-text-at-cursor": {
			"version": "0.3.0",
			"resolved": "https://registry.npmjs.org/insert-text-at-cursor/-/insert-text-at-cursor-0.3.0.tgz",
			"integrity": "sha512-/nPtyeX9xPUvxZf+r0518B7uqNKlP+LqNJqSiXFEaa2T71rWIwTVXGH7hB9xO/EVdwa5/pWlFCPwShOW81XIxQ=="
		}
	},
	"dependencies": {
		"insert-text-at-cursor": {
			"version": "0.3.0",
			"resolved": "https://registry.npmjs.org/insert-text-at-cursor/-/insert-text-at-cursor-0.3.0.tgz",
			"integrity": "sha512-/nPtyeX9xPUvxZf+r0518B7uqNKlP+LqNJqSiXFEaa2T71rWIwTVXGH7hB9xO/EVdwa5/pWlFCPwShOW81XIxQ=="
		}
	}
}
